{
  "name": "ui-tests",
  "version": "1.0.0",
  "lockfileVersion": 2,
  "requires": true,
  "packages": {
    "": {
      "name": "ui-tests",
      "version": "1.0.0",
      "license": "ISC",
      "devDependencies": {
        "@playwright/test": "^1.22.0-alpha-may-1-2022"
      }
    },
    "node_modules/@playwright/test": {
      "version": "1.22.0-alpha-may-1-2022",
      "resolved": "https://registry.npmjs.org/@playwright/test/-/test-1.22.0-alpha-may-1-2022.tgz",
      "integrity": "sha512-caO3H4lgZDZEQPAoj+jF9fANjiuh3opwnD6cxtGkNFsu6fQVmI4Z9XE8HURDAkGCmM8BqgNYqLrrB3uzqcoTbw==",
      "dev": true,
      "dependencies": {
        "playwright-core": "1.22.0-alpha-may-1-2022"
      },
      "bin": {
        "playwright": "cli.js"
      },
      "engines": {
        "node": ">=14"
      }
    },
    "node_modules/playwright-core": {
      "version": "1.22.0-alpha-may-1-2022",
      "resolved": "https://registry.npmjs.org/playwright-core/-/playwright-core-1.22.0-alpha-may-1-2022.tgz",
      "integrity": "sha512-qSkhvjkg+1riCMDKm5W5frpaZ4VjNdAHv3D/2xkjA2ZJvdYZtV81prkMpU9ZtdjJZmPT9UDflj1XGRPbaQz5mQ==",
      "dev": true,
      "bin": {
        "playwright": "cli.js"
      },
      "engines": {
        "node": ">=14"
      }
    }
  },
  "dependencies": {
    "@playwright/test": {
      "version": "1.22.0-alpha-may-1-2022",
      "resolved": "https://registry.npmjs.org/@playwright/test/-/test-1.22.0-alpha-may-1-2022.tgz",
      "integrity": "sha512-caO3H4lgZDZEQPAoj+jF9fANjiuh3opwnD6cxtGkNFsu6fQVmI4Z9XE8HURDAkGCmM8BqgNYqLrrB3uzqcoTbw==",
      "dev": true,
      "requires": {
        "playwright-core": "1.22.0-alpha-may-1-2022"
      }
    },
    "playwright-core": {
      "version": "1.22.0-alpha-may-1-2022",
      "resolved": "https://registry.npmjs.org/playwright-core/-/playwright-core-1.22.0-alpha-may-1-2022.tgz",
      "integrity": "sha512-qSkhvjkg+1riCMDKm5W5frpaZ4VjNdAHv3D/2xkjA2ZJvdYZtV81prkMpU9ZtdjJZmPT9UDflj1XGRPbaQz5mQ==",
      "dev": true
    }
  }
}
